// !$*UTF8*$!
{
	archiveVersion = 1;
	classes = {
	};
	objectVersion = 77;
	objects = {

/* Begin PBXBuildFile section */
		7629153D2ED5836E00BF4783 /* README.md in Resources */ = {isa = PBXBuildFile; fileRef = 7629153C2ED5836E00BF4783 /* README.md */; };
/* End PBXBuildFile section */

/* Begin PBXContainerItemProxy section */
		7684C25D2ED406DE00E332CD /* PBXContainerItemProxy */ = {
			isa = PBXContainerItemProxy;
			containerPortal = 7684C2462ED406DD00E332CD /* Project object */;
			proxyType = 1;
			remoteGlobalIDString = 7684C24D2ED406DD00E332CD;
			remoteInfo = SedentaryReminder;
		};
		7684C2672ED406DE00E332CD /* PBXContainerItemProxy */ = {
			isa = PBXContainerItemProxy;
			containerPortal = 7684C2462ED406DD00E332CD /* Project object */;
			proxyType = 1;
			remoteGlobalIDString = 7684C24D2ED406DD00E332CD;
			remoteInfo = SedentaryReminder;
		};
/* End PBXContainerItemProxy section */

/* Begin PBXFileReference section */
		7629153C2ED5836E00BF4783 /* README.md */ = {isa = PBXFileReference; lastKnownFileType = net.daringfireball.markdown; path = README.md; sourceTree = "<group>"; };
		7684C24E2ED406DD00E332CD /* SedentaryReminder.app */ = {isa = PBXFileReference; explicitFileType = wrapper.application; includeInIndex = 0; path = SedentaryReminder.app; sourceTree = BUILT_PRODUCTS_DIR; };
		7684C25C2ED406DE00E332CD /* SedentaryReminderTests.xctest */ = {isa = PBXFileReference; explicitFileType = wrapper.cfbundle; includeInIndex = 0; path = SedentaryReminderTests.xctest; sourceTree = BUILT_PRODUCTS_DIR; };
		7684C2662ED406DE00E332CD /* SedentaryReminderUITests.xctest */ = {isa = PBXFileReference; explicitFileType = wrapper.cfbundle; includeInIndex = 0; path = SedentaryReminderUITests.xctest; sourceTree = BUILT_PRODUCTS_DIR; };
/* End PBXFileReference section */

/* Begin PBXFileSystemSynchronizedRootGroup section */
		7684C2502ED406DD00E332CD /* SedentaryReminder */ = {
			isa = PBXFileSystemSynchronizedRootGroup;
			path = SedentaryReminder;
			sourceTree = "<group>";
		};
		7684C25F2ED406DE00E332CD /* SedentaryReminderTests */ = {
			isa = PBXFileSystemSynchronizedRootGroup;
			path = SedentaryReminderTests;
			sourceTree = "<group>";
		};
		7684C2692ED406DE00E332CD /* SedentaryReminderUITests */ = {
			isa = PBXFileSystemSynchronizedRootGroup;
			path = SedentaryReminderUITests;
			sourceTree = "<group>";
		};
/* End PBXFileSystemSynchronizedRootGroup section */

/* Begin PBXFrameworksBuildPhase section */
		7684C24B2ED406DD00E332CD /* Frameworks */ = {
			isa = PBXFrameworksBuildPhase;
			buildActionMask = 2147483647;
			files = (
			);
			runOnlyForDeploymentPostprocessing = 0;
		};
		7684C2592ED406DE00E332CD /* Frameworks */ = {
			isa = PBXFrameworksBuildPhase;
			buildActionMask = 2147483647;
			files = (
			);
			runOnlyForDeploymentPostprocessing = 0;
		};
		7684C2632ED406DE00E332CD /* Frameworks */ = {
			isa = PBXFrameworksBuildPhase;
			buildActionMask = 2147483647;
			files = (
			);
			runOnlyForDeploymentPostprocessing = 0;
		};
/* End PBXFrameworksBuildPhase section */

/* Begin PBXGroup section */
		7684C2452ED406DD00E332CD = {
			isa = PBXGroup;
			children = (
				7629153C2ED5836E00BF4783 /* README.md */,
				7684C2502ED406DD00E332CD /* SedentaryReminder */,
				7684C25F2ED406DE00E332CD /* SedentaryReminderTests */,
				7684C2692ED406DE00E332CD /* SedentaryReminderUITests */,
				7684C24F2ED406DD00E332CD /* Products */,
			);
			sourceTree = "<group>";
		};
		7684C24F2ED406DD00E332CD /* Products */ = {
			isa = PBXGroup;
			children = (
				7684C24E2ED406DD00E332CD /* SedentaryReminder.app */,
				7684C25C2ED406DE00E332CD /* SedentaryReminderTests.xctest */,
				7684C2662ED406DE00E332CD /* SedentaryReminderUITests.xctest */,
			);
			name = Products;
			sourceTree = "<group>";
		};
/* End PBXGroup section */

/* Begin PBXNativeTarget section */
		7684C24D2ED406DD00E332CD /* SedentaryReminder */ = {
			isa = PBXNativeTarget;
			buildConfigurationList = 7684C2702ED406DE00E332CD /* Build configuration list for PBXNativeTarget "SedentaryReminder" */;
			buildPhases = (
				7684C24A2ED406DD00E332CD /* Sources */,
				7684C24B2ED406DD00E332CD /* Frameworks */,
				7684C24C2ED406DD00E332CD /* Resources */,
			);
			buildRules = (
			);
			dependencies = (
			);
			fileSystemSynchronizedGroups = (
				7684C2502ED406DD00E332CD /* SedentaryReminder */,
			);
			name = SedentaryReminder;
			packageProductDependencies = (
			);
			productName = SedentaryReminder;
			productReference = 7684C24E2ED406DD00E332CD /* SedentaryReminder.app */;
			productType = "com.apple.product-type.application";
		};
		7684C25B2ED406DE00E332CD /* SedentaryReminderTests */ = {
			isa = PBXNativeTarget;
			buildConfigurationList = 7684C2732ED406DE00E332CD /* Build configuration list for PBXNativeTarget "SedentaryReminderTests" */;
			buildPhases = (
				7684C2582ED406DE00E332CD /* Sources */,
				7684C2592ED406DE00E332CD /* Frameworks */,
				7684C25A2ED406DE00E332CD /* Resources */,
			);
			buildRules = (
			);
			dependencies = (
				7684C25E2ED406DE00E332CD /* PBXTargetDependency */,
			);
			fileSystemSynchronizedGroups = (
				7684C25F2ED406DE00E332CD /* SedentaryReminderTests */,
			);
			name = SedentaryReminderTests;
			packageProductDependencies = (
			);
			productName = SedentaryReminderTests;
			productReference = 7684C25C2ED406DE00E332CD /* SedentaryReminderTests.xctest */;
			productType = "com.apple.product-type.bundle.unit-test";
		};
		7684C2652ED406DE00E332CD /* SedentaryReminderUITests */ = {
			isa = PBXNativeTarget;
			buildConfigurationList = 7684C2762ED406DE00E332CD /* Build configuration list for PBXNativeTarget "SedentaryReminderUITests" */;
			buildPhases = (
				7684C2622ED406DE00E332CD /* Sources */,
				7684C2632ED406DE00E332CD /* Frameworks */,
				7684C2642ED406DE00E332CD /* Resources */,
			);
			buildRules = (
			);
			dependencies = (
				7684C2682ED406DE00E332CD /* PBXTargetDependency */,
			);
			fileSystemSynchronizedGroups = (
				7684C2692ED406DE00E332CD /* SedentaryReminderUITests */,
			);
			name = SedentaryReminderUITests;
			packageProductDependencies = (
			);
			productName = SedentaryReminderUITests;
			productReference = 7684C2662ED406DE00E332CD /* SedentaryReminderUITests.xctest */;
			productType = "com.apple.product-type.bundle.ui-testing";
		};
/* End PBXNativeTarget section */

/* Begin PBXProject section */
		7684C2462ED406DD00E332CD /* Project object */ = {
			isa = PBXProject;
			attributes = {
				BuildIndependentTargetsInParallel = 1;
				LastSwiftUpdateCheck = 1630;
				LastUpgradeCheck = 1630;
				TargetAttributes = {
					7684C24D2ED406DD00E332CD = {
						CreatedOnToolsVersion = 16.3;
					};
					7684C25B2ED406DE00E332CD = {
						CreatedOnToolsVersion = 16.3;
						TestTargetID = 7684C24D2ED406DD00E332CD;
					};
					7684C2652ED406DE00E332CD = {
						CreatedOnToolsVersion = 16.3;
						TestTargetID = 7684C24D2ED406DD00E332CD;
					};
				};
			};
			buildConfigurationList = 7684C2492ED406DD00E332CD /* Build configuration list for PBXProject "SedentaryReminder" */;
			developmentRegion = en;
			hasScannedForEncodings = 0;
			knownRegions = (
				en,
				Base,
			);
			mainGroup = 7684C2452ED406DD00E332CD;
			minimizedProjectReferenceProxies = 1;
			preferredProjectObjectVersion = 77;
			productRefGroup = 7684C24F2ED406DD00E332CD /* Products */;
			projectDirPath = "";
			projectRoot = "";
			targets = (
				7684C24D2ED406DD00E332CD /* SedentaryReminder */,
				7684C25B2ED406DE00E332CD /* SedentaryReminderTests */,
				7684C2652ED406DE00E332CD /* SedentaryReminderUITests */,
			);
		};
/* End PBXProject section */

/* Begin PBXResourcesBuildPhase section */
		7684C24C2ED406DD00E332CD /* Resources */ = {
			isa = PBXResourcesBuildPhase;
			buildActionMask = 2147483647;
			files = (
				7629153D2ED5836E00BF4783 /* README.md in Resources */,
			);
			runOnlyForDeploymentPostprocessing = 0;
		};
		7684C25A2ED406DE00E332CD /* Resources */ = {
			isa = PBXResourcesBuildPhase;
			buildActionMask = 2147483647;
			files = (
			);
			runOnlyForDeploymentPostprocessing = 0;
		};
		7684C2642ED406DE00E332CD /* Resources */ = {
			isa = PBXResourcesBuildPhase;
			buildActionMask = 2147483647;
			files = (
			);
			runOnlyForDeploymentPostprocessing = 0;
		};
/* End PBXResourcesBuildPhase section */

/* Begin PBXSourcesBuildPhase section */
		7684C24A2ED406DD00E332CD /* Sources */ = {
			isa = PBXSourcesBuildPhase;
			buildActionMask = 2147483647;
			files = (
			);
			runOnlyForDeploymentPostprocessing = 0;
		};
		7684C2582ED406DE00E332CD /* Sources */ = {
			isa = PBXSourcesBuildPhase;
			buildActionMask = 2147483647;
			files = (
			);
			runOnlyForDeploymentPostprocessing = 0;
		};
		7684C2622ED406DE00E332CD /* Sources */ = {
			isa = PBXSourcesBuildPhase;
			buildActionMask = 2147483647;
			files = (
			);
			runOnlyForDeploymentPostprocessing = 0;
		};
/* End PBXSourcesBuildPhase section */

/* Begin PBXTargetDependency section */
		7684C25E2ED406DE00E332CD /* PBXTargetDependency */ = {
			isa = PBXTargetDependency;
			target = 7684C24D2ED406DD00E332CD /* SedentaryReminder */;
			targetProxy = 7684C25D2ED406DE00E332CD /* PBXContainerItemProxy */;
		};
		7684C2682ED406DE00E332CD /* PBXTargetDependency */ = {
			isa = PBXTargetDependency;
			target = 7684C24D2ED406DD00E332CD /* SedentaryReminder */;
			targetProxy = 7684C2672ED406DE00E332CD /* PBXContainerItemProxy */;
		};
/* End PBXTargetDependency section */

/* Begin XCBuildConfiguration section */
		7684C26E2ED406DE00E332CD /* Debug */ = {
			isa = XCBuildConfiguration;
			buildSettings = {
				ALWAYS_SEARCH_USER_PATHS = NO;
				ASSETCATALOG_COMPILER_GENERATE_SWIFT_ASSET_SYMBOL_EXTENSIONS = YES;
				CLANG_ANALYZER_NONNULL = YES;
				CLANG_ANALYZER_NUMBER_OBJECT_CONVERSION = YES_AGGRESSIVE;
				CLANG_CXX_LANGUAGE_STANDARD = "gnu++20";
				CLANG_ENABLE_MODULES = YES;
				CLANG_ENABLE_OBJC_ARC = YES;
				CLANG_ENABLE_OBJC_WEAK = YES;
				CLANG_WARN_BLOCK_CAPTURE_AUTORELEASING = YES;
				CLANG_WARN_BOOL_CONVERSION = YES;
				CLANG_WARN_COMMA = YES;
				CLANG_WARN_CONSTANT_CONVERSION = YES;
				CLANG_WARN_DEPRECATED_OBJC_IMPLEMENTATIONS = YES;
				CLANG_WARN_DIRECT_OBJC_ISA_USAGE = YES_ERROR;
				CLANG_WARN_DOCUMENTATION_COMMENTS = YES;
				CLANG_WARN_EMPTY_BODY = YES;
				CLANG_WARN_ENUM_CONVERSION = YES;
				CLANG_WARN_INFINITE_RECURSION = YES;
				CLANG_WARN_INT_CONVERSION = YES;
				CLANG_WARN_NON_LITERAL_NULL_CONVERSION = YES;
				CLANG_WARN_OBJC_IMPLICIT_RETAIN_SELF = YES;
				CLANG_WARN_OBJC_LITERAL_CONVERSION = YES;
				CLANG_WARN_OBJC_ROOT_CLASS = YES_ERROR;
				CLANG_WARN_QUOTED_INCLUDE_IN_FRAMEWORK_HEADER = YES;
				CLANG_WARN_RANGE_LOOP_ANALYSIS = YES;
				CLANG_WARN_STRICT_PROTOTYPES = YES;
				CLANG_WARN_SUSPICIOUS_MOVE = YES;
				CLANG_WARN_UNGUARDED_AVAILABILITY = YES_AGGRESSIVE;
				CLANG_WARN_UNREACHABLE_CODE = YES;
				CLANG_WARN__DUPLICATE_METHOD_MATCH = YES;
				COPY_PHASE_STRIP = NO;
				DEBUG_INFORMATION_FORMAT = dwarf;
				ENABLE_STRICT_OBJC_MSGSEND = YES;
				ENABLE_TESTABILITY = YES;
				ENABLE_USER_SCRIPT_SANDBOXING = YES;
				GCC_C_LANGUAGE_STANDARD = gnu17;
				GCC_DYNAMIC_NO_PIC = NO;
				GCC_NO_COMMON_BLOCKS = YES;
				GCC_OPTIMIZATION_LEVEL = 0;
				GCC_PREPROCESSOR_DEFINITIONS = (
					"DEBUG=1",
					"$(inherited)",
				);
				GCC_WARN_64_TO_32_BIT_CONVERSION = YES;
				GCC_WARN_ABOUT_RETURN_TYPE = YES_ERROR;
				GCC_WARN_UNDECLARED_SELECTOR = YES;
				GCC_WARN_UNINITIALIZED_AUTOS = YES_AGGRESSIVE;
				GCC_WARN_UNUSED_FUNCTION = YES;
				GCC_WARN_UNUSED_VARIABLE = YES;
				LOCALIZATION_PREFERS_STRING_CATALOGS = YES;
				MACOSX_DEPLOYMENT_TARGET = 15.4;
				MTL_ENABLE_DEBUG_INFO = INCLUDE_SOURCE;
				MTL_FAST_MATH = YES;
				ONLY_ACTIVE_ARCH = YES;
				SDKROOT = macosx;
				SWIFT_ACTIVE_COMPILATION_CONDITIONS = "DEBUG $(inherited)";
				SWIFT_OPTIMIZATION_LEVEL = "-Onone";
			};
			name = Debug;
		};
		7684C26F2ED406DE00E332CD /* Release */ = {
			isa = XCBuildConfiguration;
			buildSettings = {
				ALWAYS_SEARCH_USER_PATHS = NO;
				ASSETCATALOG_COMPILER_GENERATE_SWIFT_ASSET_SYMBOL_EXTENSIONS = YES;
				CLANG_ANALYZER_NONNULL = YES;
				CLANG_ANALYZER_NUMBER_OBJECT_CONVERSION = YES_AGGRESSIVE;
				CLANG_CXX_LANGUAGE_STANDARD = "gnu++20";
				CLANG_ENABLE_MODULES = YES;
				CLANG_ENABLE_OBJC_ARC = YES;
				CLANG_ENABLE_OBJC_WEAK = YES;
				CLANG_WARN_BLOCK_CAPTURE_AUTORELEASING = YES;
				CLANG_WARN_BOOL_CONVERSION = YES;
				CLANG_WARN_COMMA = YES;
				CLANG_WARN_CONSTANT_CONVERSION = YES;
				CLANG_WARN_DEPRECATED_OBJC_IMPLEMENTATIONS = YES;
				CLANG_WARN_DIRECT_OBJC_ISA_USAGE = YES_ERROR;
				CLANG_WARN_DOCUMENTATION_COMMENTS = YES;
				CLANG_WARN_EMPTY_BODY = YES;
				CLANG_WARN_ENUM_CONVERSION = YES;
				CLANG_WARN_INFINITE_RECURSION = YES;
				CLANG_WARN_INT_CONVERSION = YES;
				CLANG_WARN_NON_LITERAL_NULL_CONVERSION = YES;
				CLANG_WARN_OBJC_IMPLICIT_RETAIN_SELF = YES;
				CLANG_WARN_OBJC_LITERAL_CONVERSION = YES;
				CLANG_WARN_OBJC_ROOT_CLASS = YES_ERROR;
				CLANG_WARN_QUOTED_INCLUDE_IN_FRAMEWORK_HEADER = YES;
				CLANG_WARN_RANGE_LOOP_ANALYSIS = YES;
				CLANG_WARN_STRICT_PROTOTYPES = YES;
				CLANG_WARN_SUSPICIOUS_MOVE = YES;
				CLANG_WARN_UNGUARDED_AVAILABILITY = YES_AGGRESSIVE;
				CLANG_WARN_UNREACHABLE_CODE = YES;
				CLANG_WARN__DUPLICATE_METHOD_MATCH = YES;
				COPY_PHASE_STRIP = NO;
				DEBUG_INFORMATION_FORMAT = "dwarf-with-dsym";
				ENABLE_NS_ASSERTIONS = NO;
				ENABLE_STRICT_OBJC_MSGSEND = YES;
				ENABLE_USER_SCRIPT_SANDBOXING = YES;
				GCC_C_LANGUAGE_STANDARD = gnu17;
				GCC_NO_COMMON_BLOCKS = YES;
				GCC_WARN_64_TO_32_BIT_CONVERSION = YES;
				GCC_WARN_ABOUT_RETURN_TYPE = YES_ERROR;
				GCC_WARN_UNDECLARED_SELECTOR = YES;
				GCC_WARN_UNINITIALIZED_AUTOS = YES_AGGRESSIVE;
				GCC_WARN_UNUSED_FUNCTION = YES;
				GCC_WARN_UNUSED_VARIABLE = YES;
				LOCALIZATION_PREFERS_STRING_CATALOGS = YES;
				MACOSX_DEPLOYMENT_TARGET = 15.4;
				MTL_ENABLE_DEBUG_INFO = NO;
				MTL_FAST_MATH = YES;
				SDKROOT = macosx;
				SWIFT_COMPILATION_MODE = wholemodule;
			};
			name = Release;
		};
		7684C2712ED406DE00E332CD /* Debug */ = {
			isa = XCBuildConfiguration;
			buildSettings = {
				ASSETCATALOG_COMPILER_APPICON_NAME = AppIcon;
				ASSETCATALOG_COMPILER_GLOBAL_ACCENT_COLOR_NAME = AccentColor;
				CODE_SIGN_ENTITLEMENTS = SedentaryReminder/SedentaryReminder.entitlements;
				CODE_SIGN_STYLE = Automatic;
				COMBINE_HIDPI_IMAGES = YES;
				CURRENT_PROJECT_VERSION = 1;
				ENABLE_PREVIEWS = YES;
				GENERATE_INFOPLIST_FILE = YES;
				INFOPLIST_KEY_LSUIElement = YES;
				INFOPLIST_KEY_NSHumanReadableCopyright = "";
				LD_RUNPATH_SEARCH_PATHS = (
					"$(inherited)",
					"@executable_path/../Frameworks",
				);
				MARKETING_VERSION = 1.0;
				PRODUCT_BUNDLE_IDENTIFIER = SedentaryReminder.SedentaryReminder;
				PRODUCT_NAME = "$(TARGET_NAME)";
				REGISTER_APP_GROUPS = YES;
				SWIFT_EMIT_LOC_STRINGS = YES;
				SWIFT_VERSION = 5.0;
			};
			name = Debug;
		};
		7684C2722ED406DE00E332CD /* Release */ = {
			isa = XCBuildConfiguration;
			buildSettings = {
				ASSETCATALOG_COMPILER_APPICON_NAME = AppIcon;
				ASSETCATALOG_COMPILER_GLOBAL_ACCENT_COLOR_NAME = AccentColor;
				CODE_SIGN_ENTITLEMENTS = SedentaryReminder/SedentaryReminder.entitlements;
				CODE_SIGN_STYLE = Automatic;
				COMBINE_HIDPI_IMAGES = YES;
				CURRENT_PROJECT_VERSION = 1;
				ENABLE_PREVIEWS = YES;
				GENERATE_INFOPLIST_FILE = YES;
				INFOPLIST_KEY_LSUIElement = YES;
				INFOPLIST_KEY_NSHumanReadableCopyright = "";
				LD_RUNPATH_SEARCH_PATHS = (
					"$(inherited)",
					"@executable_path/../Frameworks",
				);
				MARKETING_VERSION = 1.0;
				PRODUCT_BUNDLE_IDENTIFIER = SedentaryReminder.SedentaryReminder;
				PRODUCT_NAME = "$(TARGET_NAME)";
				REGISTER_APP_GROUPS = YES;
				SWIFT_EMIT_LOC_STRINGS = YES;
				SWIFT_VERSION = 5.0;
			};
			name = Release;
		};
		7684C2742ED406DE00E332CD /* Debug */ = {
			isa = XCBuildConfiguration;
			buildSettings = {
				BUNDLE_LOADER = "$(TEST_HOST)";
				CODE_SIGN_STYLE = Automatic;
				CURRENT_PROJECT_VERSION = 1;
				GENERATE_INFOPLIST_FILE = YES;
				MACOSX_DEPLOYMENT_TARGET = 15.4;
				MARKETING_VERSION = 1.0;
				PRODUCT_BUNDLE_IDENTIFIER = SedentaryReminder.SedentaryReminderTests;
				PRODUCT_NAME = "$(TARGET_NAME)";
				SWIFT_EMIT_LOC_STRINGS = NO;
				SWIFT_VERSION = 5.0;
				TEST_HOST = "$(BUILT_PRODUCTS_DIR)/SedentaryReminder.app/$(BUNDLE_EXECUTABLE_FOLDER_PATH)/SedentaryReminder";
			};
			name = Debug;
		};
		7684C2752ED406DE00E332CD /* Release */ = {
			isa = XCBuildConfiguration;
			buildSettings = {
				BUNDLE_LOADER = "$(TEST_HOST)";
				CODE_SIGN_STYLE = Automatic;
				CURRENT_PROJECT_VERSION = 1;
				GENERATE_INFOPLIST_FILE = YES;
				MACOSX_DEPLOYMENT_TARGET = 15.4;
				MARKETING_VERSION = 1.0;
				PRODUCT_BUNDLE_IDENTIFIER = SedentaryReminder.SedentaryReminderTests;
				PRODUCT_NAME = "$(TARGET_NAME)";
				SWIFT_EMIT_LOC_STRINGS = NO;
				SWIFT_VERSION = 5.0;
				TEST_HOST = "$(BUILT_PRODUCTS_DIR)/SedentaryReminder.app/$(BUNDLE_EXECUTABLE_FOLDER_PATH)/SedentaryReminder";
			};
			name = Release;
		};
		7684C2772ED406DE00E332CD /* Debug */ = {
			isa = XCBuildConfiguration;
			buildSettings = {
				CODE_SIGN_STYLE = Automatic;
				CURRENT_PROJECT_VERSION = 1;
				GENERATE_INFOPLIST_FILE = YES;
				MARKETING_VERSION = 1.0;
				PRODUCT_BUNDLE_IDENTIFIER = SedentaryReminder.SedentaryReminderUITests;
				PRODUCT_NAME = "$(TARGET_NAME)";
				SWIFT_EMIT_LOC_STRINGS = NO;
				SWIFT_VERSION = 5.0;
				TEST_TARGET_NAME = SedentaryReminder;
			};
			name = Debug;
		};
		7684C2782ED406DE00E332CD /* Release */ = {
			isa = XCBuildConfiguration;
			buildSettings = {
				CODE_SIGN_STYLE = Automatic;
				CURRENT_PROJECT_VERSION = 1;
				GENERATE_INFOPLIST_FILE = YES;
				MARKETING_VERSION = 1.0;
				PRODUCT_BUNDLE_IDENTIFIER = SedentaryReminder.SedentaryReminderUITests;
				PRODUCT_NAME = "$(TARGET_NAME)";
				SWIFT_EMIT_LOC_STRINGS = NO;
				SWIFT_VERSION = 5.0;
				TEST_TARGET_NAME = SedentaryReminder;
			};
			name = Release;
		};
/* End XCBuildConfiguration section */

/* Begin XCConfigurationList section */
		7684C2492ED406DD00E332CD /* Build configuration list for PBXProject "SedentaryReminder" */ = {
			isa = XCConfigurationList;
			buildConfigurations = (
				7684C26E2ED406DE00E332CD /* Debug */,
				7684C26F2ED406DE00E332CD /* Release */,
			);
			defaultConfigurationIsVisible = 0;
			defaultConfigurationName = Release;
		};
		7684C2702ED406DE00E332CD /* Build configuration list for PBXNativeTarget "SedentaryReminder" */ = {
			isa = XCConfigurationList;
			buildConfigurations = (
				7684C2712ED406DE00E332CD /* Debug */,
				7684C2722ED406DE00E332CD /* Release */,
			);
			defaultConfigurationIsVisible = 0;
			defaultConfigurationName = Release;
		};
		7684C2732ED406DE00E332CD /* Build configuration list for PBXNativeTarget "SedentaryReminderTests" */ = {
			isa = XCConfigurationList;
			buildConfigurations = (
				7684C2742ED406DE00E332CD /* Debug */,
				7684C2752ED406DE00E332CD /* Release */,
			);
			defaultConfigurationIsVisible = 0;
			defaultConfigurationName = Release;
		};
		7684C2762ED406DE00E332CD /* Build configuration list for PBXNativeTarget "SedentaryReminderUITests" */ = {
			isa = XCConfigurationList;
			buildConfigurations = (
				7684C2772ED406DE00E332CD /* Debug */,
				7684C2782ED406DE00E332CD /* Release */,
			);
			defaultConfigurationIsVisible = 0;
			defaultConfigurationName = Release;
		};
/* End XCConfigurationList section */
	};
	rootObject = 7684C2462ED406DD00E332CD /* Project object */;
}
